# THIS IS AN AUTOGENERATED FILE. DO NOT EDIT THIS FILE DIRECTLY.
# yarn lockfile v1


messagebird@^3.5.0:
  version "3.5.0"
  resolved "https://registry.yarnpkg.com/messagebird/-/messagebird-3.5.0.tgz#d4daf7a4f602698600603e53b500bb01c2ae8fe6"
  integrity sha512-LNzMPr6PuZBHFjDdrAQR5aRad2QHv4C4BcumySyE3DKvsd0k2p8oYX2mFHzk8uMO5KstDJVe6Yz2/bNDADo4SQ==
  dependencies:
    safe-buffer "^5.1.2"
    scmp "^2.0.0"

safe-buffer@^5.1.2:
  version "5.2.1"
  resolved "https://registry.yarnpkg.com/safe-buffer/-/safe-buffer-5.2.1.tgz#1eaf9fa9bdb1fdd4ec75f58f9cdb4e6b7827eec6"
  integrity sha512-rp3So07KcdmmKbGvgaNxQSJr7bGVSVk5S9Eq1F+ppbRo70+YeaDxkw5Dd8NPN+GD6bjnYm2VuPuCXmpuYvmCXQ==

scmp@^2.0.0:
  version "2.1.0"
  resolved "https://registry.yarnpkg.com/scmp/-/scmp-2.1.0.tgz#37b8e197c425bdeb570ab91cc356b311a11f9c9a"
  integrity sha512-o/mRQGk9Rcer/jEEw/yw4mwo3EU/NvYvp577/Btqrym9Qy5/MdWGBqipbALgd2lrdWTJ5/gqDusxfnQBxOxT2Q==
