{
  "version": 4,
  "terraform_version": "0.12.26",
  "serial": 59,
  "lineage": "86120eef-eff2-af20-ee3e-6ba6ff47928c",
  "outputs": {},
  "resources": [
    {
      "module": "module.bookings",
      "mode": "managed",
      "type": "aws_dynamodb_table",
      "name": "bookings",
      "provider": "provider.aws",
      "instances": [
        {
          "schema_version": 1,
          "attributes": {
            "arn": "arn:aws:dynamodb:us-east-1:486501714086:table/dev-bookings",
            "attribute": [
              {
                "name": "id",
                "type": "S"
              }
            ],
            "billing_mode": "PROVISIONED",
            "global_secondary_index": [],
            "hash_key": "id",
            "id": "dev-bookings",
            "local_secondary_index": [],
            "name": "dev-bookings",
            "point_in_time_recovery": [
              {
                "enabled": false
              }
            ],
            "range_key": null,
            "read_capacity": 1,
            "replica": [],
            "server_side_encryption": [],
            "stream_arn": "arn:aws:dynamodb:us-east-1:486501714086:table/dev-bookings/stream/2020-06-15T13:33:28.179",
            "stream_enabled": true,
            "stream_label": "2020-06-15T13:33:28.179",
            "stream_view_type": "NEW_IMAGE",
            "tags": {},
            "timeouts": null,
            "ttl": [
              {
                "attribute_name": "",
                "enabled": false
              }
            ],
            "write_capacity": 1
          },
          "private": "eyJlMmJmYjczMC1lY2FhLTExZTYtOGY4OC0zNDM2M2JjN2M0YzAiOnsiY3JlYXRlIjo2MDAwMDAwMDAwMDAsImRlbGV0ZSI6NjAwMDAwMDAwMDAwLCJ1cGRhdGUiOjM2MDAwMDAwMDAwMDB9LCJzY2hlbWFfdmVyc2lvbiI6IjEifQ=="
        }
      ]
    },
    {
      "module": "module.users",
      "mode": "managed",
      "type": "aws_dynamodb_table",
      "name": "users",
      "provider": "provider.aws",
      "instances": [
        {
          "schema_version": 1,
          "attributes": {
            "arn": "arn:aws:dynamodb:us-east-1:486501714086:table/dev-users",
            "attribute": [
              {
                "name": "email",
                "type": "S"
              },
              {
                "name": "id",
                "type": "S"
              }
            ],
            "billing_mode": "PROVISIONED",
            "global_secondary_index": [
              {
                "hash_key": "email",
                "name": "dev-email-gsi",
                "non_key_attributes": [],
                "projection_type": "ALL",
                "range_key": "",
                "read_capacity": 1,
                "write_capacity": 1
              }
            ],
            "hash_key": "id",
            "id": "dev-users",
            "local_secondary_index": [],
            "name": "dev-users",
            "point_in_time_recovery": [
              {
                "enabled": false
              }
            ],
            "range_key": null,
            "read_capacity": 1,
            "replica": [],
            "server_side_encryption": [],
            "stream_arn": "",
            "stream_enabled": false,
            "stream_label": "",
            "stream_view_type": "",
            "tags": {},
            "timeouts": null,
            "ttl": [
              {
                "attribute_name": "",
                "enabled": false
              }
            ],
            "write_capacity": 1
          },
          "private": "eyJlMmJmYjczMC1lY2FhLTExZTYtOGY4OC0zNDM2M2JjN2M0YzAiOnsiY3JlYXRlIjo2MDAwMDAwMDAwMDAsImRlbGV0ZSI6NjAwMDAwMDAwMDAwLCJ1cGRhdGUiOjM2MDAwMDAwMDAwMDB9LCJzY2hlbWFfdmVyc2lvbiI6IjEifQ=="
        }
      ]
    },
    {
      "module": "module.users",
      "mode": "managed",
      "type": "aws_dynamodb_table_item",
      "name": "admin",
      "provider": "provider.aws",
      "instances": [
        {
          "schema_version": 0,
          "attributes": {
            "hash_key": "id",
            "id": "dev-users|id||c3e4667d-7b9d-43c5-9002-e54f01110ab4|",
            "item": "    {\n        \"id\" : {\"S\": \"c3e4667d-7b9d-43c5-9002-e54f01110ab4\"},\n        \"email\" : { \"S\": \"admin@email.com\" },\n        \"password\": { \"S\": \"$2y$10$G7.SeP/l7qnuF2rT2fcctu.Lbo0F1XKKsBH5GXvrDaK5Mhb2GPEmK\" },\n        \"role\": { \"S\": \"ADMIN\" },\n        \"name\": { \"S\": \"Admin\" }\n    }\n",
            "range_key": null,
            "table_name": "dev-users"
          },
          "private": "bnVsbA==",
          "dependencies": [
            "module.users.aws_dynamodb_table.users"
          ]
        }
      ]
    },
    {
      "module": "module.bookings",
      "mode": "managed",
      "type": "aws_iam_policy",
      "name": "bookings_stream_consumer_policy",
      "provider": "provider.aws",
      "instances": [
        {
          "schema_version": 0,
          "attributes": {
            "arn": "arn:aws:iam::486501714086:policy/dev-bookings-stream-consumer-policy",
            "description": "This policy allows consumer labda to access bookings stream in dynamoDb ",
            "id": "arn:aws:iam::486501714086:policy/dev-bookings-stream-consumer-policy",
            "name": "dev-bookings-stream-consumer-policy",
            "name_prefix": null,
            "path": "/",
            "policy": "{\n  \"Version\": \"2012-10-17\",\n  \"Statement\": [\n    {\n      \"Action\": [\n        \"dynamodb:DescribeStream\",\"dynamodb:GetRecords\",\"dynamodb:GetShardIterator\",\"dynamodb:ListStreams\"\n      ],\n      \"Effect\": \"Allow\",\n      \"Resource\": \"arn:aws:dynamodb:us-east-1:486501714086:table/dev-bookings/stream/2020-06-15T13:33:28.179\"\n    },\n     {\n            \"Effect\": \"Allow\",\n            \"Action\": [\n                \"logs:CreateLogGroup\",\n                \"logs:CreateLogStream\",\n                \"logs:PutLogEvents\"\n            ],\n            \"Resource\": \"*\"\n        }\n  ]\n}"
          },
          "private": "bnVsbA==",
          "dependencies": [
            "module.bookings.aws_dynamodb_table.bookings"
          ]
        }
      ]
    },
    {
      "module": "module.bookings",
      "mode": "managed",
      "type": "aws_iam_policy",
      "name": "create_booking_policy",
      "provider": "provider.aws",
      "instances": [
        {
          "schema_version": 0,
          "attributes": {
            "arn": "arn:aws:iam::486501714086:policy/dev-create-booking-policy",
            "description": "This policy allows data insertion on booking dynamodb table",
            "id": "arn:aws:iam::486501714086:policy/dev-create-booking-policy",
            "name": "dev-create-booking-policy",
            "name_prefix": null,
            "path": "/",
            "policy": "{\n  \"Version\": \"2012-10-17\",\n  \"Statement\": [\n    {\n      \"Action\": [\n        \"dynamodb:PutItem\"\n      ],\n      \"Effect\": \"Allow\",\n      \"Resource\": \"arn:aws:dynamodb:us-east-1:486501714086:table/dev-bookings\"\n    },\n     {\n            \"Effect\": \"Allow\",\n            \"Action\": [\n                \"logs:CreateLogGroup\",\n                \"logs:CreateLogStream\",\n                \"logs:PutLogEvents\"\n            ],\n            \"Resource\": \"*\"\n        }\n  ]\n}"
          },
          "private": "bnVsbA==",
          "dependencies": [
            "module.bookings.aws_dynamodb_table.bookings"
          ]
        }
      ]
    },
    {
      "module": "module.bookings",
      "mode": "managed",
      "type": "aws_iam_policy",
      "name": "list_bookings_policy",
      "provider": "provider.aws",
      "instances": [
        {
          "schema_version": 0,
          "attributes": {
            "arn": "arn:aws:iam::486501714086:policy/dev-list-bookings-policy",
            "description": "This policy allows labdas to make scan on bookings dynamodb table",
            "id": "arn:aws:iam::486501714086:policy/dev-list-bookings-policy",
            "name": "dev-list-bookings-policy",
            "name_prefix": null,
            "path": "/",
            "policy": "{\n  \"Version\": \"2012-10-17\",\n  \"Statement\": [\n    {\n      \"Action\": [\n        \"dynamodb:Scan\"\n      ],\n      \"Effect\": \"Allow\",\n      \"Resource\": \"arn:aws:dynamodb:us-east-1:486501714086:table/dev-bookings\"\n    },\n     {\n            \"Effect\": \"Allow\",\n            \"Action\": [\n                \"logs:CreateLogGroup\",\n                \"logs:CreateLogStream\",\n                \"logs:PutLogEvents\"\n            ],\n            \"Resource\": \"*\"\n        }\n  ]\n}"
          },
          "private": "bnVsbA==",
          "dependencies": [
            "module.bookings.aws_dynamodb_table.bookings"
          ]
        }
      ]
    },
    {
      "module": "module.users",
      "mode": "managed",
      "type": "aws_iam_policy",
      "name": "login_policy",
      "provider": "provider.aws",
      "instances": [
        {
          "schema_version": 0,
          "attributes": {
            "arn": "arn:aws:iam::486501714086:policy/dev-login-policy",
            "description": "This policy allows labdas to make queries on users dynamodb table",
            "id": "arn:aws:iam::486501714086:policy/dev-login-policy",
            "name": "dev-login-policy",
            "name_prefix": null,
            "path": "/",
            "policy": "{\n  \"Version\": \"2012-10-17\",\n  \"Statement\": [\n    {\n      \"Action\": [\n        \"dynamodb:Query\"\n      ],\n      \"Effect\": \"Allow\",\n      \"Resource\": \"arn:aws:dynamodb:us-east-1:486501714086:table/dev-users/index/dev-email-gsi\"\n    },\n     {\n            \"Effect\": \"Allow\",\n            \"Action\": [\n                \"logs:CreateLogGroup\",\n                \"logs:CreateLogStream\",\n                \"logs:PutLogEvents\"\n            ],\n            \"Resource\": \"*\"\n        }\n  ]\n}\n"
          },
          "private": "bnVsbA==",
          "dependencies": [
            "module.users.aws_dynamodb_table.users"
          ]
        }
      ]
    },
    {
      "module": "module.users",
      "mode": "managed",
      "type": "aws_iam_policy",
      "name": "register_policy",
      "provider": "provider.aws",
      "instances": [
        {
          "schema_version": 0,
          "attributes": {
            "arn": "arn:aws:iam::486501714086:policy/dev-register-policy",
            "description": "This policy allows data insertion on users dynamodb table",
            "id": "arn:aws:iam::486501714086:policy/dev-register-policy",
            "name": "dev-register-policy",
            "name_prefix": null,
            "path": "/",
            "policy": "{\n  \"Version\": \"2012-10-17\",\n  \"Statement\": [\n    {\n      \"Action\": [\n        \"dynamodb:PutItem\"\n      ],\n      \"Effect\": \"Allow\",\n      \"Resource\": \"arn:aws:dynamodb:us-east-1:486501714086:table/dev-users\"\n    },\n     {\n            \"Effect\": \"Allow\",\n            \"Action\": [\n                \"logs:CreateLogGroup\",\n                \"logs:CreateLogStream\",\n                \"logs:PutLogEvents\"\n            ],\n            \"Resource\": \"*\"\n        }\n  ]\n}\n"
          },
          "private": "bnVsbA==",
          "dependencies": [
            "module.users.aws_dynamodb_table.users"
          ]
        }
      ]
    },
    {
      "module": "module.bookings",
      "mode": "managed",
      "type": "aws_iam_policy_attachment",
      "name": "bookings_stream_consumer_policy_attachment",
      "provider": "provider.aws",
      "instances": [
        {
          "schema_version": 0,
          "attributes": {
            "groups": null,
            "id": "dev-bookings-stream-consumer-attachment",
            "name": "dev-bookings-stream-consumer-attachment",
            "policy_arn": "arn:aws:iam::486501714086:policy/dev-bookings-stream-consumer-policy",
            "roles": [
              "dev-bookings-stream-consumer-iam-role"
            ],
            "users": null
          },
          "private": "bnVsbA==",
          "dependencies": [
            "module.bookings.aws_dynamodb_table.bookings",
            "module.bookings.aws_iam_policy.bookings_stream_consumer_policy",
            "module.bookings.aws_iam_role.bookings_stream_consumer_iam_role"
          ]
        }
      ]
    },
    {
      "module": "module.bookings",
      "mode": "managed",
      "type": "aws_iam_policy_attachment",
      "name": "create_booking_policy_attachment",
      "provider": "provider.aws",
      "instances": [
        {
          "schema_version": 0,
          "attributes": {
            "groups": [],
            "id": "dev-create-booking-attachment",
            "name": "dev-create-booking-attachment",
            "policy_arn": "arn:aws:iam::486501714086:policy/dev-create-booking-policy",
            "roles": [
              "dev-create-booking-iam-role"
            ],
            "users": []
          },
          "private": "bnVsbA==",
          "dependencies": [
            "module.bookings.aws_dynamodb_table.bookings",
            "module.bookings.aws_iam_policy.create_booking_policy",
            "module.bookings.aws_iam_role.create_booking_iam_role"
          ]
        }
      ]
    },
    {
      "module": "module.bookings",
      "mode": "managed",
      "type": "aws_iam_policy_attachment",
      "name": "list_bookings_policy_attachment",
      "provider": "provider.aws",
      "instances": [
        {
          "schema_version": 0,
          "attributes": {
            "groups": [],
            "id": "dev-list-bookings-attachment",
            "name": "dev-list-bookings-attachment",
            "policy_arn": "arn:aws:iam::486501714086:policy/dev-list-bookings-policy",
            "roles": [
              "dev-list-bookings-iam-role"
            ],
            "users": []
          },
          "private": "bnVsbA==",
          "dependencies": [
            "module.bookings.aws_dynamodb_table.bookings",
            "module.bookings.aws_iam_policy.list_bookings_policy",
            "module.bookings.aws_iam_role.list_bookings_iam_role"
          ]
        }
      ]
    },
    {
      "module": "module.users",
      "mode": "managed",
      "type": "aws_iam_policy_attachment",
      "name": "login_policy_attachment",
      "provider": "provider.aws",
      "instances": [
        {
          "schema_version": 0,
          "attributes": {
            "groups": [],
            "id": "dev-login-attachment",
            "name": "dev-login-attachment",
            "policy_arn": "arn:aws:iam::486501714086:policy/dev-login-policy",
            "roles": [
              "dev-login-iam-role"
            ],
            "users": []
          },
          "private": "bnVsbA==",
          "dependencies": [
            "module.users.aws_dynamodb_table.users",
            "module.users.aws_iam_policy.login_policy",
            "module.users.aws_iam_role.login_iam_role"
          ]
        }
      ]
    },
    {
      "module": "module.users",
      "mode": "managed",
      "type": "aws_iam_policy_attachment",
      "name": "register_policy_attachment",
      "provider": "provider.aws",
      "instances": [
        {
          "schema_version": 0,
          "attributes": {
            "groups": [],
            "id": "dev-register-attachment",
            "name": "dev-register-attachment",
            "policy_arn": "arn:aws:iam::486501714086:policy/dev-register-policy",
            "roles": [
              "dev-register-iam-role"
            ],
            "users": []
          },
          "private": "bnVsbA==",
          "dependencies": [
            "module.users.aws_dynamodb_table.users",
            "module.users.aws_iam_policy.register_policy",
            "module.users.aws_iam_role.register_iam_role"
          ]
        }
      ]
    },
    {
      "module": "module.bookings",
      "mode": "managed",
      "type": "aws_iam_role",
      "name": "bookings_stream_consumer_iam_role",
      "provider": "provider.aws",
      "instances": [
        {
          "schema_version": 0,
          "attributes": {
            "arn": "arn:aws:iam::486501714086:role/dev-bookings-stream-consumer-iam-role",
            "assume_role_policy": "{\"Version\":\"2012-10-17\",\"Statement\":[{\"Sid\":\"\",\"Effect\":\"Allow\",\"Principal\":{\"Service\":\"lambda.amazonaws.com\"},\"Action\":\"sts:AssumeRole\"}]}",
            "create_date": "2020-06-15T13:54:51Z",
            "description": "This is a role that allow consumer lambda functions to read streams from dynamodb bookings table",
            "force_detach_policies": false,
            "id": "dev-bookings-stream-consumer-iam-role",
            "max_session_duration": 3600,
            "name": "dev-bookings-stream-consumer-iam-role",
            "name_prefix": null,
            "path": "/",
            "permissions_boundary": null,
            "tags": null,
            "unique_id": "AROAXCRODBCTM5I6XMBFV"
          },
          "private": "bnVsbA=="
        }
      ]
    },
    {
      "module": "module.bookings",
      "mode": "managed",
      "type": "aws_iam_role",
      "name": "create_booking_iam_role",
      "provider": "provider.aws",
      "instances": [
        {
          "schema_version": 0,
          "attributes": {
            "arn": "arn:aws:iam::486501714086:role/dev-create-booking-iam-role",
            "assume_role_policy": "{\"Version\":\"2012-10-17\",\"Statement\":[{\"Sid\":\"\",\"Effect\":\"Allow\",\"Principal\":{\"Service\":\"lambda.amazonaws.com\"},\"Action\":\"sts:AssumeRole\"}]}",
            "create_date": "2020-06-13T16:23:39Z",
            "description": "This is a role that allow lambda functions access",
            "force_detach_policies": false,
            "id": "dev-create-booking-iam-role",
            "max_session_duration": 3600,
            "name": "dev-create-booking-iam-role",
            "name_prefix": null,
            "path": "/",
            "permissions_boundary": null,
            "tags": {},
            "unique_id": "AROAXCRODBCTJ5BQ7TUCP"
          },
          "private": "bnVsbA=="
        }
      ]
    },
    {
      "module": "module.bookings",
      "mode": "managed",
      "type": "aws_iam_role",
      "name": "list_bookings_iam_role",
      "provider": "provider.aws",
      "instances": [
        {
          "schema_version": 0,
          "attributes": {
            "arn": "arn:aws:iam::486501714086:role/dev-list-bookings-iam-role",
            "assume_role_policy": "{\"Version\":\"2012-10-17\",\"Statement\":[{\"Sid\":\"\",\"Effect\":\"Allow\",\"Principal\":{\"Service\":\"lambda.amazonaws.com\"},\"Action\":\"sts:AssumeRole\"}]}",
            "create_date": "2020-06-13T17:09:13Z",
            "description": "This is a role that allow lambda functions scan dynamodb bookings table",
            "force_detach_policies": false,
            "id": "dev-list-bookings-iam-role",
            "max_session_duration": 3600,
            "name": "dev-list-bookings-iam-role",
            "name_prefix": null,
            "path": "/",
            "permissions_boundary": null,
            "tags": {},
            "unique_id": "AROAXCRODBCTB63TCMKBS"
          },
          "private": "bnVsbA=="
        }
      ]
    },
    {
      "module": "module.users",
      "mode": "managed",
      "type": "aws_iam_role",
      "name": "login_iam_role",
      "provider": "provider.aws",
      "instances": [
        {
          "schema_version": 0,
          "attributes": {
            "arn": "arn:aws:iam::486501714086:role/dev-login-iam-role",
            "assume_role_policy": "{\"Version\":\"2012-10-17\",\"Statement\":[{\"Sid\":\"\",\"Effect\":\"Allow\",\"Principal\":{\"Service\":\"lambda.amazonaws.com\"},\"Action\":\"sts:AssumeRole\"}]}",
            "create_date": "2020-06-12T16:29:13Z",
            "description": "This is a role that allow lambda functions query users to login",
            "force_detach_policies": false,
            "id": "dev-login-iam-role",
            "max_session_duration": 3600,
            "name": "dev-login-iam-role",
            "name_prefix": null,
            "path": "/",
            "permissions_boundary": null,
            "tags": {},
            "unique_id": "AROAXCRODBCTIII2DHWIF"
          },
          "private": "bnVsbA=="
        }
      ]
    },
    {
      "module": "module.users",
      "mode": "managed",
      "type": "aws_iam_role",
      "name": "register_iam_role",
      "provider": "provider.aws",
      "instances": [
        {
          "schema_version": 0,
          "attributes": {
            "arn": "arn:aws:iam::486501714086:role/dev-register-iam-role",
            "assume_role_policy": "{\"Version\":\"2012-10-17\",\"Statement\":[{\"Sid\":\"\",\"Effect\":\"Allow\",\"Principal\":{\"Service\":\"lambda.amazonaws.com\"},\"Action\":\"sts:AssumeRole\"}]}",
            "create_date": "2020-06-12T03:14:53Z",
            "description": "This is a role that allow lambda functions access",
            "force_detach_policies": false,
            "id": "dev-register-iam-role",
            "max_session_duration": 3600,
            "name": "dev-register-iam-role",
            "name_prefix": null,
            "path": "/",
            "permissions_boundary": null,
            "tags": {},
            "unique_id": "AROAXCRODBCTBLCVVQPWZ"
          },
          "private": "bnVsbA=="
        }
      ]
    },
    {
      "module": "module.bookings",
      "mode": "managed",
      "type": "aws_ssm_parameter",
      "name": "bookings_stream_consumer_iam_role",
      "provider": "provider.aws",
      "instances": [
        {
          "schema_version": 0,
          "attributes": {
            "allowed_pattern": "",
            "arn": "arn:aws:ssm:us-east-1:486501714086:parameter/dev-bookings-stream-consumer-iam-role",
            "description": "",
            "id": "dev-bookings-stream-consumer-iam-role",
            "key_id": "",
            "name": "dev-bookings-stream-consumer-iam-role",
            "overwrite": null,
            "tags": null,
            "tier": "Standard",
            "type": "String",
            "value": "arn:aws:iam::486501714086:role/dev-bookings-stream-consumer-iam-role",
            "version": 1
          },
          "private": "bnVsbA==",
          "dependencies": [
            "module.bookings.aws_iam_role.bookings_stream_consumer_iam_role"
          ]
        }
      ]
    },
    {
      "module": "module.bookings",
      "mode": "managed",
      "type": "aws_ssm_parameter",
      "name": "create_booking_iam_role",
      "provider": "provider.aws",
      "instances": [
        {
          "schema_version": 0,
          "attributes": {
            "allowed_pattern": "",
            "arn": "arn:aws:ssm:us-east-1:486501714086:parameter/dev-create-booking-iam-role",
            "description": "",
            "id": "dev-create-booking-iam-role",
            "key_id": "",
            "name": "dev-create-booking-iam-role",
            "overwrite": null,
            "tags": {},
            "tier": "Standard",
            "type": "String",
            "value": "arn:aws:iam::486501714086:role/dev-create-booking-iam-role",
            "version": 1
          },
          "private": "bnVsbA==",
          "dependencies": [
            "module.bookings.aws_iam_role.create_booking_iam_role"
          ]
        }
      ]
    },
    {
      "module": "module.bookings",
      "mode": "managed",
      "type": "aws_ssm_parameter",
      "name": "dynamodb_bookings_stream",
      "provider": "provider.aws",
      "instances": [
        {
          "schema_version": 0,
          "attributes": {
            "allowed_pattern": "",
            "arn": "arn:aws:ssm:us-east-1:486501714086:parameter/dev-dynamodb-bookings-stream",
            "description": "",
            "id": "dev-dynamodb-bookings-stream",
            "key_id": "",
            "name": "dev-dynamodb-bookings-stream",
            "overwrite": null,
            "tags": {},
            "tier": "Standard",
            "type": "String",
            "value": "arn:aws:dynamodb:us-east-1:486501714086:table/dev-bookings/stream/2020-06-15T13:33:28.179",
            "version": 1
          },
          "private": "bnVsbA==",
          "dependencies": [
            "module.bookings.aws_dynamodb_table.bookings"
          ]
        }
      ]
    },
    {
      "module": "module.bookings",
      "mode": "managed",
      "type": "aws_ssm_parameter",
      "name": "dynamodb_bookings_table",
      "provider": "provider.aws",
      "instances": [
        {
          "schema_version": 0,
          "attributes": {
            "allowed_pattern": "",
            "arn": "arn:aws:ssm:us-east-1:486501714086:parameter/dev-dynamodb-bookings-table",
            "description": "",
            "id": "dev-dynamodb-bookings-table",
            "key_id": "",
            "name": "dev-dynamodb-bookings-table",
            "overwrite": null,
            "tags": {},
            "tier": "Standard",
            "type": "String",
            "value": "dev-bookings",
            "version": 1
          },
          "private": "bnVsbA==",
          "dependencies": [
            "module.bookings.aws_dynamodb_table.bookings"
          ]
        }
      ]
    },
    {
      "module": "module.users",
      "mode": "managed",
      "type": "aws_ssm_parameter",
      "name": "dynamodb_users_table",
      "provider": "provider.aws",
      "instances": [
        {
          "schema_version": 0,
          "attributes": {
            "allowed_pattern": "",
            "arn": "arn:aws:ssm:us-east-1:486501714086:parameter/dev-dynamodb-users-table",
            "description": "",
            "id": "dev-dynamodb-users-table",
            "key_id": "",
            "name": "dev-dynamodb-users-table",
            "overwrite": null,
            "tags": {},
            "tier": "Standard",
            "type": "String",
            "value": "dev-users",
            "version": 1
          },
          "private": "bnVsbA==",
          "dependencies": [
            "module.users.aws_dynamodb_table.users"
          ]
        }
      ]
    },
    {
      "module": "module.users",
      "mode": "managed",
      "type": "aws_ssm_parameter",
      "name": "email-gsi",
      "provider": "provider.aws",
      "instances": [
        {
          "schema_version": 0,
          "attributes": {
            "allowed_pattern": "",
            "arn": "arn:aws:ssm:us-east-1:486501714086:parameter/dev-email-gsi",
            "description": "",
            "id": "dev-email-gsi",
            "key_id": "",
            "name": "dev-email-gsi",
            "overwrite": null,
            "tags": {},
            "tier": "Standard",
            "type": "String",
            "value": "dev-email-gsi",
            "version": 1
          },
          "private": "bnVsbA=="
        }
      ]
    },
    {
      "module": "module.users",
      "mode": "managed",
      "type": "aws_ssm_parameter",
      "name": "jwt_secret",
      "provider": "provider.aws",
      "instances": [
        {
          "schema_version": 0,
          "attributes": {
            "allowed_pattern": "",
            "arn": "arn:aws:ssm:us-east-1:486501714086:parameter/dev-jwt-secret",
            "description": "",
            "id": "dev-jwt-secret",
            "key_id": "",
            "name": "dev-jwt-secret",
            "overwrite": null,
            "tags": {},
            "tier": "Standard",
            "type": "String",
            "value": "dZ0MbAe5QGriBCpZCLynKgwdp0CqJqy5zrnMOXHdAnc",
            "version": 1
          },
          "private": "bnVsbA=="
        }
      ]
    },
    {
      "module": "module.bookings",
      "mode": "managed",
      "type": "aws_ssm_parameter",
      "name": "list_bookings_iam_role",
      "provider": "provider.aws",
      "instances": [
        {
          "schema_version": 0,
          "attributes": {
            "allowed_pattern": "",
            "arn": "arn:aws:ssm:us-east-1:486501714086:parameter/dev-list-bookings-iam-role",
            "description": "",
            "id": "dev-list-bookings-iam-role",
            "key_id": "",
            "name": "dev-list-bookings-iam-role",
            "overwrite": null,
            "tags": {},
            "tier": "Standard",
            "type": "String",
            "value": "arn:aws:iam::486501714086:role/dev-list-bookings-iam-role",
            "version": 1
          },
          "private": "bnVsbA==",
          "dependencies": [
            "module.bookings.aws_iam_role.list_bookings_iam_role"
          ]
        }
      ]
    },
    {
      "module": "module.users",
      "mode": "managed",
      "type": "aws_ssm_parameter",
      "name": "login_iam_role",
      "provider": "provider.aws",
      "instances": [
        {
          "schema_version": 0,
          "attributes": {
            "allowed_pattern": "",
            "arn": "arn:aws:ssm:us-east-1:486501714086:parameter/dev-login-iam-role",
            "description": "",
            "id": "dev-login-iam-role",
            "key_id": "",
            "name": "dev-login-iam-role",
            "overwrite": null,
            "tags": {},
            "tier": "Standard",
            "type": "String",
            "value": "arn:aws:iam::486501714086:role/dev-login-iam-role",
            "version": 1
          },
          "private": "bnVsbA==",
          "dependencies": [
            "module.users.aws_iam_role.login_iam_role"
          ]
        }
      ]
    },
    {
      "module": "module.users",
      "mode": "managed",
      "type": "aws_ssm_parameter",
      "name": "register_iam_role",
      "provider": "provider.aws",
      "instances": [
        {
          "schema_version": 0,
          "attributes": {
            "allowed_pattern": "",
            "arn": "arn:aws:ssm:us-east-1:486501714086:parameter/dev-register-iam-role",
            "description": "",
            "id": "dev-register-iam-role",
            "key_id": "",
            "name": "dev-register-iam-role",
            "overwrite": null,
            "tags": {},
            "tier": "Standard",
            "type": "String",
            "value": "arn:aws:iam::486501714086:role/dev-register-iam-role",
            "version": 1
          },
          "private": "bnVsbA==",
          "dependencies": [
            "module.users.aws_iam_role.register_iam_role"
          ]
        }
      ]
    }
  ]
}
